
Microsoft Visual Studio Solution File, Format Version 12.00
# Visual Studio Version 17
VisualStudioVersion = 17.13.35919.96 d17.13
MinimumVisualStudioVersion = 10.0.40219.1
Project("{FAE04EC0-301F-11D3-BF4B-00C04F79EFBC}") = "LabClases2", "LabClases2.csproj", "{399B505D-FDE7-4B9F-9E70-76679ACF4CD1}"
EndProject
Project("{FAE04EC0-301F-11D3-BF4B-00C04F79EFBC}") = "ClassLibrary1", "..\ClassLibrary1\ClassLibrary1.csproj", "{0634955E-5245-4A41-9151-1BE8095AE926}"
EndProject
Global
	GlobalSection(SolutionConfigurationPlatforms) = preSolution
		Debug|Any CPU = Debug|Any CPU
		Release|Any CPU = Release|Any CPU
	EndGlobalSection
	GlobalSection(ProjectConfigurationPlatforms) = postSolution
		{399B505D-FDE7-4B9F-9E70-76679ACF4CD1}.Debug|Any CPU.ActiveCfg = Debug|Any CPU
		{399B505D-FDE7-4B9F-9E70-76679ACF4CD1}.Debug|Any CPU.Build.0 = Debug|Any CPU
		{399B505D-FDE7-4B9F-9E70-76679ACF4CD1}.Release|Any CPU.ActiveCfg = Release|Any CPU
		{399B505D-FDE7-4B9F-9E70-76679ACF4CD1}.Release|Any CPU.Build.0 = Release|Any CPU
		{0634955E-5245-4A41-9151-1BE8095AE926}.Debug|Any CPU.ActiveCfg = Debug|Any CPU
		{0634955E-5245-4A41-9151-1BE8095AE926}.Debug|Any CPU.Build.0 = Debug|Any CPU
		{0634955E-5245-4A41-9151-1BE8095AE926}.Release|Any CPU.ActiveCfg = Release|Any CPU
		{0634955E-5245-4A41-9151-1BE8095AE926}.Release|Any CPU.Build.0 = Release|Any CPU
	EndGlobalSection
	GlobalSection(SolutionProperties) = preSolution
		HideSolutionNode = FALSE
	EndGlobalSection
	GlobalSection(ExtensibilityGlobals) = postSolution
		SolutionGuid = {619BA85E-0A72-4F94-8811-60E409EE3803}
	EndGlobalSection
EndGlobal
