
Microsoft Visual Studio Solution File, Format Version 12.00
# Visual Studio Version 17
VisualStudioVersion = 17.13.35919.96 d17.13
MinimumVisualStudioVersion = 10.0.40219.1
Project("{FAE04EC0-301F-11D3-BF4B-00C04F79EFBC}") = "LabSintaxis2", "LabSintaxis2.csproj", "{C55DCD3A-A439-4401-BF34-EA006E566D29}"
EndProject
Project("{FAE04EC0-301F-11D3-BF4B-00C04F79EFBC}") = "LabSintaxis2bis", "..\LabSintaxis2bis\LabSintaxis2bis.csproj", "{7299A789-3186-4CC4-A837-1C4C4F5E295F}"
EndProject
Project("{FAE04EC0-301F-11D3-BF4B-00C04F79EFBC}") = "LabSintaxis3", "..\LabSintaxis3\LabSintaxis3.csproj", "{D501AF7C-384A-422B-9800-CDD9ECA9BE7C}"
EndProject
Global
	GlobalSection(SolutionConfigurationPlatforms) = preSolution
		Debug|Any CPU = Debug|Any CPU
		Release|Any CPU = Release|Any CPU
	EndGlobalSection
	GlobalSection(ProjectConfigurationPlatforms) = postSolution
		{C55DCD3A-A439-4401-BF34-EA006E566D29}.Debug|Any CPU.ActiveCfg = Debug|Any CPU
		{C55DCD3A-A439-4401-BF34-EA006E566D29}.Debug|Any CPU.Build.0 = Debug|Any CPU
		{C55DCD3A-A439-4401-BF34-EA006E566D29}.Release|Any CPU.ActiveCfg = Release|Any CPU
		{C55DCD3A-A439-4401-BF34-EA006E566D29}.Release|Any CPU.Build.0 = Release|Any CPU
		{7299A789-3186-4CC4-A837-1C4C4F5E295F}.Debug|Any CPU.ActiveCfg = Debug|Any CPU
		{7299A789-3186-4CC4-A837-1C4C4F5E295F}.Debug|Any CPU.Build.0 = Debug|Any CPU
		{7299A789-3186-4CC4-A837-1C4C4F5E295F}.Release|Any CPU.ActiveCfg = Release|Any CPU
		{7299A789-3186-4CC4-A837-1C4C4F5E295F}.Release|Any CPU.Build.0 = Release|Any CPU
		{D501AF7C-384A-422B-9800-CDD9ECA9BE7C}.Debug|Any CPU.ActiveCfg = Debug|Any CPU
		{D501AF7C-384A-422B-9800-CDD9ECA9BE7C}.Debug|Any CPU.Build.0 = Debug|Any CPU
		{D501AF7C-384A-422B-9800-CDD9ECA9BE7C}.Release|Any CPU.ActiveCfg = Release|Any CPU
		{D501AF7C-384A-422B-9800-CDD9ECA9BE7C}.Release|Any CPU.Build.0 = Release|Any CPU
	EndGlobalSection
	GlobalSection(SolutionProperties) = preSolution
		HideSolutionNode = FALSE
	EndGlobalSection
	GlobalSection(ExtensibilityGlobals) = postSolution
		SolutionGuid = {C0A7D40E-D3F6-40D7-B132-A5A9D84DF01D}
	EndGlobalSection
EndGlobal
